
Microsoft Visual Studio Solution File, Format Version 12.00
# Visual Studio 15
VisualStudioVersion = 15.0.28307.271
MinimumVisualStudioVersion = 10.0.40219.1
Project("{9A19103F-16F7-4668-BE54-9A1E7A4F7556}") = "Game-AI-Exercise", "Game-AI-Exercise.csproj", "{092C11FD-048C-49F6-9170-65060EAF0366}"
EndProject
Global
	GlobalSection(SolutionConfigurationPlatforms) = preSolution
		Debug|Any CPU = Debug|Any CPU
		Release|Any CPU = Release|Any CPU
	EndGlobalSection
	GlobalSection(ProjectConfigurationPlatforms) = postSolution
		{092C11FD-048C-49F6-9170-65060EAF0366}.Debug|Any CPU.ActiveCfg = Debug|Any CPU
		{092C11FD-048C-49F6-9170-65060EAF0366}.Debug|Any CPU.Build.0 = Debug|Any CPU
		{092C11FD-048C-49F6-9170-65060EAF0366}.Release|Any CPU.ActiveCfg = Release|Any CPU
		{092C11FD-048C-49F6-9170-65060EAF0366}.Release|Any CPU.Build.0 = Release|Any CPU
	EndGlobalSection
	GlobalSection(SolutionProperties) = preSolution
		HideSolutionNode = FALSE
	EndGlobalSection
	GlobalSection(ExtensibilityGlobals) = postSolution
		SolutionGuid = {12292956-5E4A-457A-BE33-83920A523D5C}
	EndGlobalSection
EndGlobal
